# This file is autogenerated, do not edit; changes may be undone by the next 'dep ensure'.


[[projects]]
  branch = "master"
  name = "github.com/facebookgo/inject"
  packages = ["."]
  revision = "cc1aa653e50f6a9893bcaef89e673e5b24e1e97b"

[[projects]]
  branch = "master"
  name = "github.com/facebookgo/structtag"
  packages = ["."]
  revision = "217e25fb96916cc60332e399c9aa63f5c422ceed"

[solve-meta]
  analyzer-name = "dep"
  analyzer-version = 1
  inputs-digest = "3a297848280c49c3fdcce2aa3d28093eba3ee50e338d06028e9906ff1a9fe1c4"
  solver-name = "gps-cdcl"
  solver-version = 1
